
Microsoft Visual Studio Solution File, Format Version 12.00
# Visual Studio Version 17
VisualStudioVersion = 17.0.32112.339
MinimumVisualStudioVersion = 10.0.40219.1
Project("{FAE04EC0-301F-11D3-BF4B-00C04F79EFBC}") = "IndSearchFiles", "IndSearchFiles\IndSearchFiles.csproj", "{9F81302D-1A94-4AF8-8D63-CD949720D6D4}"
EndProject
Global
	GlobalSection(SolutionConfigurationPlatforms) = preSolution
		Debug|Any CPU = Debug|Any CPU
		Release|Any CPU = Release|Any CPU
	EndGlobalSection
	GlobalSection(ProjectConfigurationPlatforms) = postSolution
		{9F81302D-1A94-4AF8-8D63-CD949720D6D4}.Debug|Any CPU.ActiveCfg = Debug|Any CPU
		{9F81302D-1A94-4AF8-8D63-CD949720D6D4}.Debug|Any CPU.Build.0 = Debug|Any CPU
		{9F81302D-1A94-4AF8-8D63-CD949720D6D4}.Release|Any CPU.ActiveCfg = Release|Any CPU
		{9F81302D-1A94-4AF8-8D63-CD949720D6D4}.Release|Any CPU.Build.0 = Release|Any CPU
	EndGlobalSection
	GlobalSection(SolutionProperties) = preSolution
		HideSolutionNode = FALSE
	EndGlobalSection
	GlobalSection(ExtensibilityGlobals) = postSolution
		SolutionGuid = {CE6DBED8-CC2B-4440-982D-4B3801E39D9D}
	EndGlobalSection
EndGlobal
